
Microsoft Visual Studio Solution File, Format Version 12.00
# Visual Studio Version 16
VisualStudioVersion = 16.0.31624.102
MinimumVisualStudioVersion = 10.0.40219.1
Project("{FAE04EC0-301F-11D3-BF4B-00C04F79EFBC}") = "uncensored", "uncensored\uncensored.csproj", "{B43BC287-9D54-4707-BB81-0D2A767B4222}"
EndProject
Global
	GlobalSection(SolutionConfigurationPlatforms) = preSolution
		Debug|Any CPU = Debug|Any CPU
		Release|Any CPU = Release|Any CPU
	EndGlobalSection
	GlobalSection(ProjectConfigurationPlatforms) = postSolution
		{B43BC287-9D54-4707-BB81-0D2A767B4222}.Debug|Any CPU.ActiveCfg = Debug|Any CPU
		{B43BC287-9D54-4707-BB81-0D2A767B4222}.Debug|Any CPU.Build.0 = Debug|Any CPU
		{B43BC287-9D54-4707-BB81-0D2A767B4222}.Release|Any CPU.ActiveCfg = Release|Any CPU
		{B43BC287-9D54-4707-BB81-0D2A767B4222}.Release|Any CPU.Build.0 = Release|Any CPU
	EndGlobalSection
	GlobalSection(SolutionProperties) = preSolution
		HideSolutionNode = FALSE
	EndGlobalSection
	GlobalSection(ExtensibilityGlobals) = postSolution
		SolutionGuid = {DB9CD388-2254-45E6-8759-D7FD3E1B3F09}
	EndGlobalSection
EndGlobal
